apiVersion: v1
data:
  server-blocks-paths.conf: |-
    include  "/opt/bitnami/nginx/conf/server_blocks/ldap/*.conf";
    include  "/opt/bitnami/nginx/conf/server_blocks/common/*.conf";
kind: ConfigMap
metadata:
  labels:
    app.kubernetes.io/instance: RELEASE-NAME
    app.kubernetes.io/managed-by: Helm
    app.kubernetes.io/name: nginx
    helm.sh/chart: nginx-9.7.5
  name: RELEASE-NAME-nginx-server-block
